
Microsoft Visual Studio Solution File, Format Version 12.00
# Visual Studio Version 16
VisualStudioVersion = 16.0.32126.315
MinimumVisualStudioVersion = 10.0.40219.1
Project("{FAE04EC0-301F-11D3-BF4B-00C04F79EFBC}") = "SuperApp", "SuperApp.csproj", "{E48ABDED-1AE6-4570-9FA1-E314C76982AE}"
EndProject
Global
	GlobalSection(SolutionConfigurationPlatforms) = preSolution
		Debug|Any CPU = Debug|Any CPU
		Release|Any CPU = Release|Any CPU
	EndGlobalSection
	GlobalSection(ProjectConfigurationPlatforms) = postSolution
		{E48ABDED-1AE6-4570-9FA1-E314C76982AE}.Debug|Any CPU.ActiveCfg = Debug|Any CPU
		{E48ABDED-1AE6-4570-9FA1-E314C76982AE}.Debug|Any CPU.Build.0 = Debug|Any CPU
		{E48ABDED-1AE6-4570-9FA1-E314C76982AE}.Release|Any CPU.ActiveCfg = Release|Any CPU
		{E48ABDED-1AE6-4570-9FA1-E314C76982AE}.Release|Any CPU.Build.0 = Release|Any CPU
	EndGlobalSection
	GlobalSection(SolutionProperties) = preSolution
		HideSolutionNode = FALSE
	EndGlobalSection
	GlobalSection(ExtensibilityGlobals) = postSolution
		SolutionGuid = {113FEF9B-AC95-45DC-BC14-6299BCE539C3}
	EndGlobalSection
EndGlobal
